
Microsoft Visual Studio Solution File, Format Version 12.00
# Visual Studio Version 16
VisualStudioVersion = 16.0.30611.23
MinimumVisualStudioVersion = 10.0.40219.1
Project("{FAE04EC0-301F-11D3-BF4B-00C04F79EFBC}") = "DiscordBot", "DiscordBot.csproj", "{1F1F8DCD-78B8-48ED-AE7F-50C76EB1D332}"
EndProject
Global
	GlobalSection(SolutionConfigurationPlatforms) = preSolution
		Debug|Any CPU = Debug|Any CPU
		Release|Any CPU = Release|Any CPU
	EndGlobalSection
	GlobalSection(ProjectConfigurationPlatforms) = postSolution
		{1F1F8DCD-78B8-48ED-AE7F-50C76EB1D332}.Debug|Any CPU.ActiveCfg = Debug|Any CPU
		{1F1F8DCD-78B8-48ED-AE7F-50C76EB1D332}.Debug|Any CPU.Build.0 = Debug|Any CPU
		{1F1F8DCD-78B8-48ED-AE7F-50C76EB1D332}.Release|Any CPU.ActiveCfg = Release|Any CPU
		{1F1F8DCD-78B8-48ED-AE7F-50C76EB1D332}.Release|Any CPU.Build.0 = Release|Any CPU
	EndGlobalSection
	GlobalSection(SolutionProperties) = preSolution
		HideSolutionNode = FALSE
	EndGlobalSection
	GlobalSection(ExtensibilityGlobals) = postSolution
		SolutionGuid = {FE0058EE-4AE3-4F27-AA20-57AF29AC1B9D}
	EndGlobalSection
EndGlobal
